
Microsoft Visual Studio Solution File, Format Version 12.00
# Visual Studio Version 16
VisualStudioVersion = 16.0.29326.143
MinimumVisualStudioVersion = 10.0.40219.1
Project("{00D1A9C2-B5F0-4AF3-8072-F6C62B433612}") = "ReferenceDatabase", "ReferenceDatabase\ReferenceDatabase.sqlproj", "{E0A7EACE-CB64-43E0-94F7-36790D5F178B}"
EndProject
Project("{00D1A9C2-B5F0-4AF3-8072-F6C62B433612}") = "AdventureWorks2014Imp", "AdventureWorks2014Imp\AdventureWorks2014Imp.sqlproj", "{0C124798-7FC9-487E-9A4F-8AFB5F835110}"
EndProject
Global
	GlobalSection(SolutionConfigurationPlatforms) = preSolution
		Debug|Any CPU = Debug|Any CPU
		Release|Any CPU = Release|Any CPU
	EndGlobalSection
	GlobalSection(ProjectConfigurationPlatforms) = postSolution
		{E0A7EACE-CB64-43E0-94F7-36790D5F178B}.Debug|Any CPU.ActiveCfg = Debug|Any CPU
		{E0A7EACE-CB64-43E0-94F7-36790D5F178B}.Debug|Any CPU.Build.0 = Debug|Any CPU
		{E0A7EACE-CB64-43E0-94F7-36790D5F178B}.Debug|Any CPU.Deploy.0 = Debug|Any CPU
		{E0A7EACE-CB64-43E0-94F7-36790D5F178B}.Release|Any CPU.ActiveCfg = Release|Any CPU
		{E0A7EACE-CB64-43E0-94F7-36790D5F178B}.Release|Any CPU.Build.0 = Release|Any CPU
		{E0A7EACE-CB64-43E0-94F7-36790D5F178B}.Release|Any CPU.Deploy.0 = Release|Any CPU
		{0C124798-7FC9-487E-9A4F-8AFB5F835110}.Debug|Any CPU.ActiveCfg = Debug|Any CPU
		{0C124798-7FC9-487E-9A4F-8AFB5F835110}.Debug|Any CPU.Build.0 = Debug|Any CPU
		{0C124798-7FC9-487E-9A4F-8AFB5F835110}.Debug|Any CPU.Deploy.0 = Debug|Any CPU
		{0C124798-7FC9-487E-9A4F-8AFB5F835110}.Release|Any CPU.ActiveCfg = Release|Any CPU
		{0C124798-7FC9-487E-9A4F-8AFB5F835110}.Release|Any CPU.Build.0 = Release|Any CPU
		{0C124798-7FC9-487E-9A4F-8AFB5F835110}.Release|Any CPU.Deploy.0 = Release|Any CPU
	EndGlobalSection
	GlobalSection(SolutionProperties) = preSolution
		HideSolutionNode = FALSE
	EndGlobalSection
	GlobalSection(ExtensibilityGlobals) = postSolution
		SolutionGuid = {E123DE64-083B-4ACF-8369-D31C9462A497}
	EndGlobalSection
EndGlobal
